
Microsoft Visual Studio Solution File, Format Version 12.00
# Visual Studio Version 16
VisualStudioVersion = 16.0.31624.102
MinimumVisualStudioVersion = 10.0.40219.1
Project("{FAE04EC0-301F-11D3-BF4B-00C04F79EFBC}") = "CS155Homework14", "CS155Homework14\CS155Homework14.csproj", "{E6A4AD1A-7E53-4299-8591-27F5C338522B}"
EndProject
Global
	GlobalSection(SolutionConfigurationPlatforms) = preSolution
		Debug|Any CPU = Debug|Any CPU
		Release|Any CPU = Release|Any CPU
	EndGlobalSection
	GlobalSection(ProjectConfigurationPlatforms) = postSolution
		{E6A4AD1A-7E53-4299-8591-27F5C338522B}.Debug|Any CPU.ActiveCfg = Debug|Any CPU
		{E6A4AD1A-7E53-4299-8591-27F5C338522B}.Debug|Any CPU.Build.0 = Debug|Any CPU
		{E6A4AD1A-7E53-4299-8591-27F5C338522B}.Release|Any CPU.ActiveCfg = Release|Any CPU
		{E6A4AD1A-7E53-4299-8591-27F5C338522B}.Release|Any CPU.Build.0 = Release|Any CPU
	EndGlobalSection
	GlobalSection(SolutionProperties) = preSolution
		HideSolutionNode = FALSE
	EndGlobalSection
	GlobalSection(ExtensibilityGlobals) = postSolution
		SolutionGuid = {5A6AC38B-9055-43AC-B531-A9A1627FC725}
	EndGlobalSection
EndGlobal
